
Microsoft Visual Studio Solution File, Format Version 12.00
# Visual Studio Version 16
VisualStudioVersion = 16.0.29920.165
MinimumVisualStudioVersion = 10.0.40219.1
Project("{8BC9CEB8-8B4A-11D0-8D11-00A0C91BC942}") = "OpenGL_CPP_Engine", "OpenGL_CPP_Engine.vcxproj", "{01D9B001-6E44-4026-8586-061E508382D0}"
EndProject
Global
	GlobalSection(SolutionConfigurationPlatforms) = preSolution
		Debug|x64 = Debug|x64
		Debug|x86 = Debug|x86
		Release|x64 = Release|x64
		Release|x86 = Release|x86
	EndGlobalSection
	GlobalSection(ProjectConfigurationPlatforms) = postSolution
		{01D9B001-6E44-4026-8586-061E508382D0}.Debug|x64.ActiveCfg = Debug|x64
		{01D9B001-6E44-4026-8586-061E508382D0}.Debug|x64.Build.0 = Debug|x64
		{01D9B001-6E44-4026-8586-061E508382D0}.Debug|x86.ActiveCfg = Debug|x64
		{01D9B001-6E44-4026-8586-061E508382D0}.Debug|x86.Build.0 = Debug|x64
		{01D9B001-6E44-4026-8586-061E508382D0}.Release|x64.ActiveCfg = Release|x64
		{01D9B001-6E44-4026-8586-061E508382D0}.Release|x64.Build.0 = Release|x64
		{01D9B001-6E44-4026-8586-061E508382D0}.Release|x86.ActiveCfg = Release|Win32
		{01D9B001-6E44-4026-8586-061E508382D0}.Release|x86.Build.0 = Release|Win32
	EndGlobalSection
	GlobalSection(SolutionProperties) = preSolution
		HideSolutionNode = FALSE
	EndGlobalSection
	GlobalSection(ExtensibilityGlobals) = postSolution
		SolutionGuid = {6FC22CAA-03D4-46D4-91F4-69879860B6F3}
	EndGlobalSection
EndGlobal
